
Microsoft Visual Studio Solution File, Format Version 12.00
# Visual Studio Version 17
VisualStudioVersion = 17.7.34202.233
MinimumVisualStudioVersion = 10.0.40219.1
Project("{FAE04EC0-301F-11D3-BF4B-00C04F79EFBC}") = "BankAPI", "BankAPI\BankAPI.csproj", "{974A4A09-CAED-4C05-A50A-B5AC02CBA75D}"
EndProject
Global
	GlobalSection(SolutionConfigurationPlatforms) = preSolution
		Debug|Any CPU = Debug|Any CPU
		Release|Any CPU = Release|Any CPU
	EndGlobalSection
	GlobalSection(ProjectConfigurationPlatforms) = postSolution
		{974A4A09-CAED-4C05-A50A-B5AC02CBA75D}.Debug|Any CPU.ActiveCfg = Debug|Any CPU
		{974A4A09-CAED-4C05-A50A-B5AC02CBA75D}.Debug|Any CPU.Build.0 = Debug|Any CPU
		{974A4A09-CAED-4C05-A50A-B5AC02CBA75D}.Release|Any CPU.ActiveCfg = Release|Any CPU
		{974A4A09-CAED-4C05-A50A-B5AC02CBA75D}.Release|Any CPU.Build.0 = Release|Any CPU
	EndGlobalSection
	GlobalSection(SolutionProperties) = preSolution
		HideSolutionNode = FALSE
	EndGlobalSection
	GlobalSection(ExtensibilityGlobals) = postSolution
		SolutionGuid = {999AC81E-ACBB-4F0B-AC10-E89B48E4E574}
	EndGlobalSection
EndGlobal
